// !$*UTF8*$!
{
	archiveVersion = 1;
	classes = {
	};
	objectVersion = 46;
	objects = {

/* Begin PBXBuildFile section */
		7943B0751A9E0D1300B4E833 /* main.m in Sources */ = {isa = PBXBuildFile; fileRef = 7943B0741A9E0D1300B4E833 /* main.m */; };
		7943B0781A9E0D1300B4E833 /* AppDelegate.m in Sources */ = {isa = PBXBuildFile; fileRef = 7943B0771A9E0D1300B4E833 /* AppDelegate.m */; };
		7943B07B1A9E0D1300B4E833 /* ViewRotation.xcdatamodeld in Sources */ = {isa = PBXBuildFile; fileRef = 7943B0791A9E0D1300B4E833 /* ViewRotation.xcdatamodeld */; };
		7943B07E1A9E0D1300B4E833 /* ViewController.m in Sources */ = {isa = PBXBuildFile; fileRef = 7943B07D1A9E0D1300B4E833 /* ViewController.m */; };
		7943B0811A9E0D1300B4E833 /* Main.storyboard in Resources */ = {isa = PBXBuildFile; fileRef = 7943B07F1A9E0D1300B4E833 /* Main.storyboard */; };
		7943B0831A9E0D1300B4E833 /* Images.xcassets in Resources */ = {isa = PBXBuildFile; fileRef = 7943B0821A9E0D1300B4E833 /* Images.xcassets */; };
		7943B0861A9E0D1300B4E833 /* LaunchScreen.xib in Resources */ = {isa = PBXBuildFile; fileRef = 7943B0841A9E0D1300B4E833 /* LaunchScreen.xib */; };
		7943B0921A9E0D1300B4E833 /* ViewRotationTests.m in Sources */ = {isa = PBXBuildFile; fileRef = 7943B0911A9E0D1300B4E833 /* ViewRotationTests.m */; };
		7943B09D1A9E22CA00B4E833 /* UIView+Rotatable.m in Sources */ = {isa = PBXBuildFile; fileRef = 7943B09C1A9E22CA00B4E833 /* UIView+Rotatable.m */; };
/* End PBXBuildFile section */

/* Begin PBXContainerItemProxy section */
		7943B08C1A9E0D1300B4E833 /* PBXContainerItemProxy */ = {
			isa = PBXContainerItemProxy;
			containerPortal = 7943B0671A9E0D1300B4E833 /* Project object */;
			proxyType = 1;
			remoteGlobalIDString = 7943B06E1A9E0D1300B4E833;
			remoteInfo = ViewRotation;
		};
/* End PBXContainerItemProxy section */

/* Begin PBXFileReference section */
		7943B06F1A9E0D1300B4E833 /* ViewRotation.app */ = {isa = PBXFileReference; explicitFileType = wrapper.application; includeInIndex = 0; path = ViewRotation.app; sourceTree = BUILT_PRODUCTS_DIR; };
		7943B0731A9E0D1300B4E833 /* Info.plist */ = {isa = PBXFileReference; lastKnownFileType = text.plist.xml; path = Info.plist; sourceTree = "<group>"; };
		7943B0741A9E0D1300B4E833 /* main.m */ = {isa = PBXFileReference; lastKnownFileType = sourcecode.c.objc; path = main.m; sourceTree = "<group>"; };
		7943B0761A9E0D1300B4E833 /* AppDelegate.h */ = {isa = PBXFileReference; lastKnownFileType = sourcecode.c.h; path = AppDelegate.h; sourceTree = "<group>"; };
		7943B0771A9E0D1300B4E833 /* AppDelegate.m */ = {isa = PBXFileReference; lastKnownFileType = sourcecode.c.objc; path = AppDelegate.m; sourceTree = "<group>"; };
		7943B07A1A9E0D1300B4E833 /* ViewRotation.xcdatamodel */ = {isa = PBXFileReference; lastKnownFileType = wrapper.xcdatamodel; path = ViewRotation.xcdatamodel; sourceTree = "<group>"; };
		7943B07C1A9E0D1300B4E833 /* ViewController.h */ = {isa = PBXFileReference; lastKnownFileType = sourcecode.c.h; path = ViewController.h; sourceTree = "<group>"; };
		7943B07D1A9E0D1300B4E833 /* ViewController.m */ = {isa = PBXFileReference; lastKnownFileType = sourcecode.c.objc; path = ViewController.m; sourceTree = "<group>"; };
		7943B0801A9E0D1300B4E833 /* Base */ = {isa = PBXFileReference; lastKnownFileType = file.storyboard; name = Base; path = Base.lproj/Main.storyboard; sourceTree = "<group>"; };
		7943B0821A9E0D1300B4E833 /* Images.xcassets */ = {isa = PBXFileReference; lastKnownFileType = folder.assetcatalog; path = Images.xcassets; sourceTree = "<group>"; };
		7943B0851A9E0D1300B4E833 /* Base */ = {isa = PBXFileReference; lastKnownFileType = file.xib; name = Base; path = Base.lproj/LaunchScreen.xib; sourceTree = "<group>"; };
		7943B08B1A9E0D1300B4E833 /* ViewRotationTests.xctest */ = {isa = PBXFileReference; explicitFileType = wrapper.cfbundle; includeInIndex = 0; path = ViewRotationTests.xctest; sourceTree = BUILT_PRODUCTS_DIR; };
		7943B0901A9E0D1300B4E833 /* Info.plist */ = {isa = PBXFileReference; lastKnownFileType = text.plist.xml; path = Info.plist; sourceTree = "<group>"; };
		7943B0911A9E0D1300B4E833 /* ViewRotationTests.m */ = {isa = PBXFileReference; lastKnownFileType = sourcecode.c.objc; path = ViewRotationTests.m; sourceTree = "<group>"; };
		7943B09B1A9E22CA00B4E833 /* UIView+Rotatable.h */ = {isa = PBXFileReference; fileEncoding = 4; lastKnownFileType = sourcecode.c.h; path = "UIView+Rotatable.h"; sourceTree = "<group>"; };
		7943B09C1A9E22CA00B4E833 /* UIView+Rotatable.m */ = {isa = PBXFileReference; fileEncoding = 4; lastKnownFileType = sourcecode.c.objc; path = "UIView+Rotatable.m"; sourceTree = "<group>"; };
/* End PBXFileReference section */

/* Begin PBXFrameworksBuildPhase section */
		7943B06C1A9E0D1300B4E833 /* Frameworks */ = {
			isa = PBXFrameworksBuildPhase;
			buildActionMask = 2147483647;
			files = (
			);
			runOnlyForDeploymentPostprocessing = 0;
		};
		7943B0881A9E0D1300B4E833 /* Frameworks */ = {
			isa = PBXFrameworksBuildPhase;
			buildActionMask = 2147483647;
			files = (
			);
			runOnlyForDeploymentPostprocessing = 0;
		};
/* End PBXFrameworksBuildPhase section */

/* Begin PBXGroup section */
		7943B0661A9E0D1300B4E833 = {
			isa = PBXGroup;
			children = (
				7943B09B1A9E22CA00B4E833 /* UIView+Rotatable.h */,
				7943B09C1A9E22CA00B4E833 /* UIView+Rotatable.m */,
				7943B0711A9E0D1300B4E833 /* ViewRotation */,
				7943B08E1A9E0D1300B4E833 /* ViewRotationTests */,
				7943B0701A9E0D1300B4E833 /* Products */,
			);
			sourceTree = "<group>";
		};
		7943B0701A9E0D1300B4E833 /* Products */ = {
			isa = PBXGroup;
			children = (
				7943B06F1A9E0D1300B4E833 /* ViewRotation.app */,
				7943B08B1A9E0D1300B4E833 /* ViewRotationTests.xctest */,
			);
			name = Products;
			sourceTree = "<group>";
		};
		7943B0711A9E0D1300B4E833 /* ViewRotation */ = {
			isa = PBXGroup;
			children = (
				7943B0761A9E0D1300B4E833 /* AppDelegate.h */,
				7943B0771A9E0D1300B4E833 /* AppDelegate.m */,
				7943B07C1A9E0D1300B4E833 /* ViewController.h */,
				7943B07D1A9E0D1300B4E833 /* ViewController.m */,
				7943B07F1A9E0D1300B4E833 /* Main.storyboard */,
				7943B0821A9E0D1300B4E833 /* Images.xcassets */,
				7943B0841A9E0D1300B4E833 /* LaunchScreen.xib */,
				7943B0791A9E0D1300B4E833 /* ViewRotation.xcdatamodeld */,
				7943B0721A9E0D1300B4E833 /* Supporting Files */,
			);
			path = ViewRotation;
			sourceTree = "<group>";
		};
		7943B0721A9E0D1300B4E833 /* Supporting Files */ = {
			isa = PBXGroup;
			children = (
				7943B0731A9E0D1300B4E833 /* Info.plist */,
				7943B0741A9E0D1300B4E833 /* main.m */,
			);
			name = "Supporting Files";
			sourceTree = "<group>";
		};
		7943B08E1A9E0D1300B4E833 /* ViewRotationTests */ = {
			isa = PBXGroup;
			children = (
				7943B0911A9E0D1300B4E833 /* ViewRotationTests.m */,
				7943B08F1A9E0D1300B4E833 /* Supporting Files */,
			);
			path = ViewRotationTests;
			sourceTree = "<group>";
		};
		7943B08F1A9E0D1300B4E833 /* Supporting Files */ = {
			isa = PBXGroup;
			children = (
				7943B0901A9E0D1300B4E833 /* Info.plist */,
			);
			name = "Supporting Files";
			sourceTree = "<group>";
		};
/* End PBXGroup section */

/* Begin PBXNativeTarget section */
		7943B06E1A9E0D1300B4E833 /* ViewRotation */ = {
			isa = PBXNativeTarget;
			buildConfigurationList = 7943B0951A9E0D1300B4E833 /* Build configuration list for PBXNativeTarget "ViewRotation" */;
			buildPhases = (
				7943B06B1A9E0D1300B4E833 /* Sources */,
				7943B06C1A9E0D1300B4E833 /* Frameworks */,
				7943B06D1A9E0D1300B4E833 /* Resources */,
			);
			buildRules = (
			);
			dependencies = (
			);
			name = ViewRotation;
			productName = ViewRotation;
			productReference = 7943B06F1A9E0D1300B4E833 /* ViewRotation.app */;
			productType = "com.apple.product-type.application";
		};
		7943B08A1A9E0D1300B4E833 /* ViewRotationTests */ = {
			isa = PBXNativeTarget;
			buildConfigurationList = 7943B0981A9E0D1300B4E833 /* Build configuration list for PBXNativeTarget "ViewRotationTests" */;
			buildPhases = (
				7943B0871A9E0D1300B4E833 /* Sources */,
				7943B0881A9E0D1300B4E833 /* Frameworks */,
				7943B0891A9E0D1300B4E833 /* Resources */,
			);
			buildRules = (
			);
			dependencies = (
				7943B08D1A9E0D1300B4E833 /* PBXTargetDependency */,
			);
			name = ViewRotationTests;
			productName = ViewRotationTests;
			productReference = 7943B08B1A9E0D1300B4E833 /* ViewRotationTests.xctest */;
			productType = "com.apple.product-type.bundle.unit-test";
		};
/* End PBXNativeTarget section */

/* Begin PBXProject section */
		7943B0671A9E0D1300B4E833 /* Project object */ = {
			isa = PBXProject;
			attributes = {
				LastUpgradeCheck = 0610;
				ORGANIZATIONNAME = Marat;
				TargetAttributes = {
					7943B06E1A9E0D1300B4E833 = {
						CreatedOnToolsVersion = 6.1.1;
					};
					7943B08A1A9E0D1300B4E833 = {
						CreatedOnToolsVersion = 6.1.1;
						TestTargetID = 7943B06E1A9E0D1300B4E833;
					};
				};
			};
			buildConfigurationList = 7943B06A1A9E0D1300B4E833 /* Build configuration list for PBXProject "ViewRotation" */;
			compatibilityVersion = "Xcode 3.2";
			developmentRegion = English;
			hasScannedForEncodings = 0;
			knownRegions = (
				en,
				Base,
			);
			mainGroup = 7943B0661A9E0D1300B4E833;
			productRefGroup = 7943B0701A9E0D1300B4E833 /* Products */;
			projectDirPath = "";
			projectRoot = "";
			targets = (
				7943B06E1A9E0D1300B4E833 /* ViewRotation */,
				7943B08A1A9E0D1300B4E833 /* ViewRotationTests */,
			);
		};
/* End PBXProject section */

/* Begin PBXResourcesBuildPhase section */
		7943B06D1A9E0D1300B4E833 /* Resources */ = {
			isa = PBXResourcesBuildPhase;
			buildActionMask = 2147483647;
			files = (
				7943B0811A9E0D1300B4E833 /* Main.storyboard in Resources */,
				7943B0861A9E0D1300B4E833 /* LaunchScreen.xib in Resources */,
				7943B0831A9E0D1300B4E833 /* Images.xcassets in Resources */,
			);
			runOnlyForDeploymentPostprocessing = 0;
		};
		7943B0891A9E0D1300B4E833 /* Resources */ = {
			isa = PBXResourcesBuildPhase;
			buildActionMask = 2147483647;
			files = (
			);
			runOnlyForDeploymentPostprocessing = 0;
		};
/* End PBXResourcesBuildPhase section */

/* Begin PBXSourcesBuildPhase section */
		7943B06B1A9E0D1300B4E833 /* Sources */ = {
			isa = PBXSourcesBuildPhase;
			buildActionMask = 2147483647;
			files = (
				7943B09D1A9E22CA00B4E833 /* UIView+Rotatable.m in Sources */,
				7943B07B1A9E0D1300B4E833 /* ViewRotation.xcdatamodeld in Sources */,
				7943B0781A9E0D1300B4E833 /* AppDelegate.m in Sources */,
				7943B07E1A9E0D1300B4E833 /* ViewController.m in Sources */,
				7943B0751A9E0D1300B4E833 /* main.m in Sources */,
			);
			runOnlyForDeploymentPostprocessing = 0;
		};
		7943B0871A9E0D1300B4E833 /* Sources */ = {
			isa = PBXSourcesBuildPhase;
			buildActionMask = 2147483647;
			files = (
				7943B0921A9E0D1300B4E833 /* ViewRotationTests.m in Sources */,
			);
			runOnlyForDeploymentPostprocessing = 0;
		};
/* End PBXSourcesBuildPhase section */

/* Begin PBXTargetDependency section */
		7943B08D1A9E0D1300B4E833 /* PBXTargetDependency */ = {
			isa = PBXTargetDependency;
			target = 7943B06E1A9E0D1300B4E833 /* ViewRotation */;
			targetProxy = 7943B08C1A9E0D1300B4E833 /* PBXContainerItemProxy */;
		};
/* End PBXTargetDependency section */

/* Begin PBXVariantGroup section */
		7943B07F1A9E0D1300B4E833 /* Main.storyboard */ = {
			isa = PBXVariantGroup;
			children = (
				7943B0801A9E0D1300B4E833 /* Base */,
			);
			name = Main.storyboard;
			sourceTree = "<group>";
		};
		7943B0841A9E0D1300B4E833 /* LaunchScreen.xib */ = {
			isa = PBXVariantGroup;
			children = (
				7943B0851A9E0D1300B4E833 /* Base */,
			);
			name = LaunchScreen.xib;
			sourceTree = "<group>";
		};
/* End PBXVariantGroup section */

/* Begin XCBuildConfiguration section */
		7943B0931A9E0D1300B4E833 /* Debug */ = {
			isa = XCBuildConfiguration;
			buildSettings = {
				ALWAYS_SEARCH_USER_PATHS = NO;
				CLANG_CXX_LANGUAGE_STANDARD = "gnu++0x";
				CLANG_CXX_LIBRARY = "libc++";
				CLANG_ENABLE_MODULES = YES;
				CLANG_ENABLE_OBJC_ARC = YES;
				CLANG_WARN_BOOL_CONVERSION = YES;
				CLANG_WARN_CONSTANT_CONVERSION = YES;
				CLANG_WARN_DIRECT_OBJC_ISA_USAGE = YES_ERROR;
				CLANG_WARN_EMPTY_BODY = YES;
				CLANG_WARN_ENUM_CONVERSION = YES;
				CLANG_WARN_INT_CONVERSION = YES;
				CLANG_WARN_OBJC_ROOT_CLASS = YES_ERROR;
				CLANG_WARN_UNREACHABLE_CODE = YES;
				CLANG_WARN__DUPLICATE_METHOD_MATCH = YES;
				"CODE_SIGN_IDENTITY[sdk=iphoneos*]" = "iPhone Developer";
				COPY_PHASE_STRIP = NO;
				ENABLE_STRICT_OBJC_MSGSEND = YES;
				GCC_C_LANGUAGE_STANDARD = gnu99;
				GCC_DYNAMIC_NO_PIC = NO;
				GCC_OPTIMIZATION_LEVEL = 0;
				GCC_PREPROCESSOR_DEFINITIONS = (
					"DEBUG=1",
					"$(inherited)",
				);
				GCC_SYMBOLS_PRIVATE_EXTERN = NO;
				GCC_WARN_64_TO_32_BIT_CONVERSION = YES;
				GCC_WARN_ABOUT_RETURN_TYPE = YES_ERROR;
				GCC_WARN_UNDECLARED_SELECTOR = YES;
				GCC_WARN_UNINITIALIZED_AUTOS = YES_AGGRESSIVE;
				GCC_WARN_UNUSED_FUNCTION = YES;
				GCC_WARN_UNUSED_VARIABLE = YES;
				IPHONEOS_DEPLOYMENT_TARGET = 8.1;
				MTL_ENABLE_DEBUG_INFO = YES;
				ONLY_ACTIVE_ARCH = YES;
				SDKROOT = iphoneos;
			};
			name = Debug;
		};
		7943B0941A9E0D1300B4E833 /* Release */ = {
			isa = XCBuildConfiguration;
			buildSettings = {
				ALWAYS_SEARCH_USER_PATHS = NO;
				CLANG_CXX_LANGUAGE_STANDARD = "gnu++0x";
				CLANG_CXX_LIBRARY = "libc++";
				CLANG_ENABLE_MODULES = YES;
				CLANG_ENABLE_OBJC_ARC = YES;
				CLANG_WARN_BOOL_CONVERSION = YES;
				CLANG_WARN_CONSTANT_CONVERSION = YES;
				CLANG_WARN_DIRECT_OBJC_ISA_USAGE = YES_ERROR;
				CLANG_WARN_EMPTY_BODY = YES;
				CLANG_WARN_ENUM_CONVERSION = YES;
				CLANG_WARN_INT_CONVERSION = YES;
				CLANG_WARN_OBJC_ROOT_CLASS = YES_ERROR;
				CLANG_WARN_UNREACHABLE_CODE = YES;
				CLANG_WARN__DUPLICATE_METHOD_MATCH = YES;
				"CODE_SIGN_IDENTITY[sdk=iphoneos*]" = "iPhone Developer";
				COPY_PHASE_STRIP = YES;
				ENABLE_NS_ASSERTIONS = NO;
				ENABLE_STRICT_OBJC_MSGSEND = YES;
				GCC_C_LANGUAGE_STANDARD = gnu99;
				GCC_WARN_64_TO_32_BIT_CONVERSION = YES;
				GCC_WARN_ABOUT_RETURN_TYPE = YES_ERROR;
				GCC_WARN_UNDECLARED_SELECTOR = YES;
				GCC_WARN_UNINITIALIZED_AUTOS = YES_AGGRESSIVE;
				GCC_WARN_UNUSED_FUNCTION = YES;
				GCC_WARN_UNUSED_VARIABLE = YES;
				IPHONEOS_DEPLOYMENT_TARGET = 8.1;
				MTL_ENABLE_DEBUG_INFO = NO;
				SDKROOT = iphoneos;
				VALIDATE_PRODUCT = YES;
			};
			name = Release;
		};
		7943B0961A9E0D1300B4E833 /* Debug */ = {
			isa = XCBuildConfiguration;
			buildSettings = {
				ASSETCATALOG_COMPILER_APPICON_NAME = AppIcon;
				INFOPLIST_FILE = ViewRotation/Info.plist;
				LD_RUNPATH_SEARCH_PATHS = "$(inherited) @executable_path/Frameworks";
				PRODUCT_NAME = "$(TARGET_NAME)";
			};
			name = Debug;
		};
		7943B0971A9E0D1300B4E833 /* Release */ = {
			isa = XCBuildConfiguration;
			buildSettings = {
				ASSETCATALOG_COMPILER_APPICON_NAME = AppIcon;
				INFOPLIST_FILE = ViewRotation/Info.plist;
				LD_RUNPATH_SEARCH_PATHS = "$(inherited) @executable_path/Frameworks";
				PRODUCT_NAME = "$(TARGET_NAME)";
			};
			name = Release;
		};
		7943B0991A9E0D1300B4E833 /* Debug */ = {
			isa = XCBuildConfiguration;
			buildSettings = {
				BUNDLE_LOADER = "$(TEST_HOST)";
				FRAMEWORK_SEARCH_PATHS = (
					"$(SDKROOT)/Developer/Library/Frameworks",
					"$(inherited)",
				);
				GCC_PREPROCESSOR_DEFINITIONS = (
					"DEBUG=1",
					"$(inherited)",
				);
				INFOPLIST_FILE = ViewRotationTests/Info.plist;
				LD_RUNPATH_SEARCH_PATHS = "$(inherited) @executable_path/Frameworks @loader_path/Frameworks";
				PRODUCT_NAME = "$(TARGET_NAME)";
				TEST_HOST = "$(BUILT_PRODUCTS_DIR)/ViewRotation.app/ViewRotation";
			};
			name = Debug;
		};
		7943B09A1A9E0D1300B4E833 /* Release */ = {
			isa = XCBuildConfiguration;
			buildSettings = {
				BUNDLE_LOADER = "$(TEST_HOST)";
				FRAMEWORK_SEARCH_PATHS = (
					"$(SDKROOT)/Developer/Library/Frameworks",
					"$(inherited)",
				);
				INFOPLIST_FILE = ViewRotationTests/Info.plist;
				LD_RUNPATH_SEARCH_PATHS = "$(inherited) @executable_path/Frameworks @loader_path/Frameworks";
				PRODUCT_NAME = "$(TARGET_NAME)";
				TEST_HOST = "$(BUILT_PRODUCTS_DIR)/ViewRotation.app/ViewRotation";
			};
			name = Release;
		};
/* End XCBuildConfiguration section */

/* Begin XCConfigurationList section */
		7943B06A1A9E0D1300B4E833 /* Build configuration list for PBXProject "ViewRotation" */ = {
			isa = XCConfigurationList;
			buildConfigurations = (
				7943B0931A9E0D1300B4E833 /* Debug */,
				7943B0941A9E0D1300B4E833 /* Release */,
			);
			defaultConfigurationIsVisible = 0;
			defaultConfigurationName = Release;
		};
		7943B0951A9E0D1300B4E833 /* Build configuration list for PBXNativeTarget "ViewRotation" */ = {
			isa = XCConfigurationList;
			buildConfigurations = (
				7943B0961A9E0D1300B4E833 /* Debug */,
				7943B0971A9E0D1300B4E833 /* Release */,
			);
			defaultConfigurationIsVisible = 0;
		};
		7943B0981A9E0D1300B4E833 /* Build configuration list for PBXNativeTarget "ViewRotationTests" */ = {
			isa = XCConfigurationList;
			buildConfigurations = (
				7943B0991A9E0D1300B4E833 /* Debug */,
				7943B09A1A9E0D1300B4E833 /* Release */,
			);
			defaultConfigurationIsVisible = 0;
		};
/* End XCConfigurationList section */

/* Begin XCVersionGroup section */
		7943B0791A9E0D1300B4E833 /* ViewRotation.xcdatamodeld */ = {
			isa = XCVersionGroup;
			children = (
				7943B07A1A9E0D1300B4E833 /* ViewRotation.xcdatamodel */,
			);
			currentVersion = 7943B07A1A9E0D1300B4E833 /* ViewRotation.xcdatamodel */;
			path = ViewRotation.xcdatamodeld;
			sourceTree = "<group>";
			versionGroupType = wrapper.xcdatamodel;
		};
/* End XCVersionGroup section */
	};
	rootObject = 7943B0671A9E0D1300B4E833 /* Project object */;
}
